
Microsoft Visual Studio Solution File, Format Version 12.00
# Visual Studio Version 16
VisualStudioVersion = 16.0.30114.105
MinimumVisualStudioVersion = 10.0.40219.1
Project("{FAE04EC0-301F-11D3-BF4B-00C04F79EFBC}") = "Blapi", "src\Blapi\Blapi.csproj", "{349BBD2B-9CC8-4D2A-9F09-6DB9E8329C0E}"
EndProject
Global
	GlobalSection(SolutionConfigurationPlatforms) = preSolution
		Debug|Any CPU = Debug|Any CPU
		Release|Any CPU = Release|Any CPU
	EndGlobalSection
	GlobalSection(ProjectConfigurationPlatforms) = postSolution
		{349BBD2B-9CC8-4D2A-9F09-6DB9E8329C0E}.Debug|Any CPU.ActiveCfg = Debug|Any CPU
		{349BBD2B-9CC8-4D2A-9F09-6DB9E8329C0E}.Debug|Any CPU.Build.0 = Debug|Any CPU
		{349BBD2B-9CC8-4D2A-9F09-6DB9E8329C0E}.Release|Any CPU.ActiveCfg = Release|Any CPU
		{349BBD2B-9CC8-4D2A-9F09-6DB9E8329C0E}.Release|Any CPU.Build.0 = Release|Any CPU
	EndGlobalSection
	GlobalSection(SolutionProperties) = preSolution
		HideSolutionNode = FALSE
	EndGlobalSection
	GlobalSection(ExtensibilityGlobals) = postSolution
		SolutionGuid = {768BC9EB-A4B7-41D6-86EC-D9D8DB504B77}
	EndGlobalSection
EndGlobal
